
Microsoft Visual Studio Solution File, Format Version 12.00
# Visual Studio 15
VisualStudioVersion = 15.0.27004.2009
MinimumVisualStudioVersion = 10.0.40219.1
Project("{2150E333-8FDC-42A3-9474-1A3956D46DE8}") = "src", "src", "{335538C8-D14B-4B60-B4C6-771240E68144}"
EndProject
Project("{9A19103F-16F7-4668-BE54-9A1E7A4F7556}") = "AspNetCoreSignalR.Api", "server\AspNetCore-SignalR.Api\AspNetCoreSignalR.Api.csproj", "{01160394-C61B-41E0-AA3A-728C8E143C89}"
EndProject
Project("{E24C65DC-7377-472B-9ABA-BC803B73C61A}") = "client", "client\", "{AC235B3B-42A9-44E1-A85F-6A4527527BF3}"
	ProjectSection(WebsiteProperties) = preProject
		TargetFrameworkMoniker = ".NETFramework,Version%3Dv4.0"
		Debug.AspNetCompiler.VirtualPath = "/localhost_47712"
		Debug.AspNetCompiler.PhysicalPath = "client\"
		Debug.AspNetCompiler.TargetPath = "PrecompiledWeb\localhost_47712\"
		Debug.AspNetCompiler.Updateable = "true"
		Debug.AspNetCompiler.ForceOverwrite = "true"
		Debug.AspNetCompiler.FixedNames = "false"
		Debug.AspNetCompiler.Debug = "True"
		Release.AspNetCompiler.VirtualPath = "/localhost_47712"
		Release.AspNetCompiler.PhysicalPath = "client\"
		Release.AspNetCompiler.TargetPath = "PrecompiledWeb\localhost_47712\"
		Release.AspNetCompiler.Updateable = "true"
		Release.AspNetCompiler.ForceOverwrite = "true"
		Release.AspNetCompiler.FixedNames = "false"
		Release.AspNetCompiler.Debug = "False"
		VWDPort = "47712"
		SlnRelativePath = "client\"
	EndProjectSection
EndProject
Project("{2150E333-8FDC-42A3-9474-1A3956D46DE8}") = "Solution Items", "Solution Items", "{EA33BC39-5128-414C-812D-4AAF56D20919}"
	ProjectSection(SolutionItems) = preProject
		..\.deployment.old = ..\.deployment.old
		..\.gitignore = ..\.gitignore
		api.config.nswag = api.config.nswag
		..\deploy.cmd.old = ..\deploy.cmd.old
		..\deploy.cmd.old2 = ..\deploy.cmd.old2
	EndProjectSection
EndProject
Project("{2150E333-8FDC-42A3-9474-1A3956D46DE8}") = "server", "server", "{58950103-58AF-426F-B62F-BFDF33DB2082}"
EndProject
Global
	GlobalSection(SolutionConfigurationPlatforms) = preSolution
		Debug|Any CPU = Debug|Any CPU
		Release|Any CPU = Release|Any CPU
	EndGlobalSection
	GlobalSection(ProjectConfigurationPlatforms) = postSolution
		{01160394-C61B-41E0-AA3A-728C8E143C89}.Debug|Any CPU.ActiveCfg = Debug|Any CPU
		{01160394-C61B-41E0-AA3A-728C8E143C89}.Debug|Any CPU.Build.0 = Debug|Any CPU
		{01160394-C61B-41E0-AA3A-728C8E143C89}.Release|Any CPU.ActiveCfg = Release|Any CPU
		{01160394-C61B-41E0-AA3A-728C8E143C89}.Release|Any CPU.Build.0 = Release|Any CPU
		{AC235B3B-42A9-44E1-A85F-6A4527527BF3}.Debug|Any CPU.ActiveCfg = Debug|Any CPU
		{AC235B3B-42A9-44E1-A85F-6A4527527BF3}.Debug|Any CPU.Build.0 = Debug|Any CPU
		{AC235B3B-42A9-44E1-A85F-6A4527527BF3}.Release|Any CPU.ActiveCfg = Debug|Any CPU
		{AC235B3B-42A9-44E1-A85F-6A4527527BF3}.Release|Any CPU.Build.0 = Debug|Any CPU
	EndGlobalSection
	GlobalSection(SolutionProperties) = preSolution
		HideSolutionNode = FALSE
	EndGlobalSection
	GlobalSection(NestedProjects) = preSolution
		{01160394-C61B-41E0-AA3A-728C8E143C89} = {58950103-58AF-426F-B62F-BFDF33DB2082}
		{AC235B3B-42A9-44E1-A85F-6A4527527BF3} = {335538C8-D14B-4B60-B4C6-771240E68144}
		{58950103-58AF-426F-B62F-BFDF33DB2082} = {335538C8-D14B-4B60-B4C6-771240E68144}
	EndGlobalSection
	GlobalSection(ExtensibilityGlobals) = postSolution
		SolutionGuid = {482A667C-951B-454A-9D3E-F0C8F21E9EE2}
	EndGlobalSection
EndGlobal
